// !$*UTF8*$!
{
	archiveVersion = 1;
	classes = {
	};
	objectVersion = 46;
	objects = {

/* Begin PBXBuildFile section */
		074AF0F823FD7F0B00EDF0E9 /* AppDelegate.swift in Sources */ = {isa = PBXBuildFile; fileRef = 074AF0F723FD7F0B00EDF0E9 /* AppDelegate.swift */; };
		074AF0FA23FD7F0B00EDF0E9 /* ViewController.swift in Sources */ = {isa = PBXBuildFile; fileRef = 074AF0F923FD7F0B00EDF0E9 /* ViewController.swift */; };
		074AF0FD23FD7F0B00EDF0E9 /* Main.storyboard in Resources */ = {isa = PBXBuildFile; fileRef = 074AF0FB23FD7F0B00EDF0E9 /* Main.storyboard */; };
		074AF0FF23FD7F0B00EDF0E9 /* Assets.xcassets in Resources */ = {isa = PBXBuildFile; fileRef = 074AF0FE23FD7F0B00EDF0E9 /* Assets.xcassets */; };
		074AF10223FD7F0B00EDF0E9 /* LaunchScreen.storyboard in Resources */ = {isa = PBXBuildFile; fileRef = 074AF10023FD7F0B00EDF0E9 /* LaunchScreen.storyboard */; };
		A073F99924004D61007695FB /* CollectionViewCell.swift in Sources */ = {isa = PBXBuildFile; fileRef = A073F99824004D60007695FB /* CollectionViewCell.swift */; };
/* End PBXBuildFile section */

/* Begin PBXFileReference section */
		074AF0F423FD7F0B00EDF0E9 /* FastBuyIOS.app */ = {isa = PBXFileReference; explicitFileType = wrapper.application; includeInIndex = 0; path = FastBuyIOS.app; sourceTree = BUILT_PRODUCTS_DIR; };
		074AF0F723FD7F0B00EDF0E9 /* AppDelegate.swift */ = {isa = PBXFileReference; lastKnownFileType = sourcecode.swift; path = AppDelegate.swift; sourceTree = "<group>"; };
		074AF0F923FD7F0B00EDF0E9 /* ViewController.swift */ = {isa = PBXFileReference; lastKnownFileType = sourcecode.swift; path = ViewController.swift; sourceTree = "<group>"; };
		074AF0FC23FD7F0B00EDF0E9 /* Base */ = {isa = PBXFileReference; lastKnownFileType = file.storyboard; name = Base; path = Base.lproj/Main.storyboard; sourceTree = "<group>"; };
		074AF0FE23FD7F0B00EDF0E9 /* Assets.xcassets */ = {isa = PBXFileReference; lastKnownFileType = folder.assetcatalog; path = Assets.xcassets; sourceTree = "<group>"; };
		074AF10123FD7F0B00EDF0E9 /* Base */ = {isa = PBXFileReference; lastKnownFileType = file.storyboard; name = Base; path = Base.lproj/LaunchScreen.storyboard; sourceTree = "<group>"; };
		074AF10323FD7F0B00EDF0E9 /* Info.plist */ = {isa = PBXFileReference; lastKnownFileType = text.plist.xml; path = Info.plist; sourceTree = "<group>"; };
		A073F99824004D60007695FB /* CollectionViewCell.swift */ = {isa = PBXFileReference; lastKnownFileType = sourcecode.swift; path = CollectionViewCell.swift; sourceTree = "<group>"; };
/* End PBXFileReference section */

/* Begin PBXFrameworksBuildPhase section */
		074AF0F123FD7F0B00EDF0E9 /* Frameworks */ = {
			isa = PBXFrameworksBuildPhase;
			buildActionMask = 2147483647;
			files = (
			);
			runOnlyForDeploymentPostprocessing = 0;
		};
/* End PBXFrameworksBuildPhase section */

/* Begin PBXGroup section */
		074AF0EB23FD7F0B00EDF0E9 = {
			isa = PBXGroup;
			children = (
				074AF0F623FD7F0B00EDF0E9 /* FastBuyIOS */,
				074AF0F523FD7F0B00EDF0E9 /* Products */,
			);
			sourceTree = "<group>";
		};
		074AF0F523FD7F0B00EDF0E9 /* Products */ = {
			isa = PBXGroup;
			children = (
				074AF0F423FD7F0B00EDF0E9 /* FastBuyIOS.app */,
			);
			name = Products;
			sourceTree = "<group>";
		};
		074AF0F623FD7F0B00EDF0E9 /* FastBuyIOS */ = {
			isa = PBXGroup;
			children = (
				074AF0F723FD7F0B00EDF0E9 /* AppDelegate.swift */,
				074AF0F923FD7F0B00EDF0E9 /* ViewController.swift */,
				A073F99824004D60007695FB /* CollectionViewCell.swift */,
				074AF0FB23FD7F0B00EDF0E9 /* Main.storyboard */,
				074AF0FE23FD7F0B00EDF0E9 /* Assets.xcassets */,
				074AF10023FD7F0B00EDF0E9 /* LaunchScreen.storyboard */,
				074AF10323FD7F0B00EDF0E9 /* Info.plist */,
			);
			path = FastBuyIOS;
			sourceTree = "<group>";
		};
/* End PBXGroup section */

/* Begin PBXNativeTarget section */
		074AF0F323FD7F0B00EDF0E9 /* FastBuyIOS */ = {
			isa = PBXNativeTarget;
			buildConfigurationList = 074AF10623FD7F0B00EDF0E9 /* Build configuration list for PBXNativeTarget "FastBuyIOS" */;
			buildPhases = (
				074AF0F023FD7F0B00EDF0E9 /* Sources */,
				074AF0F123FD7F0B00EDF0E9 /* Frameworks */,
				074AF0F223FD7F0B00EDF0E9 /* Resources */,
			);
			buildRules = (
			);
			dependencies = (
			);
			name = FastBuyIOS;
			productName = FastBuyIOS;
			productReference = 074AF0F423FD7F0B00EDF0E9 /* FastBuyIOS.app */;
			productType = "com.apple.product-type.application";
		};
/* End PBXNativeTarget section */

/* Begin PBXProject section */
		074AF0EC23FD7F0B00EDF0E9 /* Project object */ = {
			isa = PBXProject;
			attributes = {
				LastSwiftUpdateCheck = 0830;
				LastUpgradeCheck = 1130;
				ORGANIZATIONNAME = "CORPORACION FASTBUY S.A.C.";
				TargetAttributes = {
					074AF0F323FD7F0B00EDF0E9 = {
						CreatedOnToolsVersion = 8.3.3;
						ProvisioningStyle = Automatic;
					};
				};
			};
			buildConfigurationList = 074AF0EF23FD7F0B00EDF0E9 /* Build configuration list for PBXProject "FastBuyIOS" */;
			compatibilityVersion = "Xcode 3.2";
			developmentRegion = en;
			hasScannedForEncodings = 0;
			knownRegions = (
				en,
				Base,
			);
			mainGroup = 074AF0EB23FD7F0B00EDF0E9;
			productRefGroup = 074AF0F523FD7F0B00EDF0E9 /* Products */;
			projectDirPath = "";
			projectRoot = "";
			targets = (
				074AF0F323FD7F0B00EDF0E9 /* FastBuyIOS */,
			);
		};
/* End PBXProject section */

/* Begin PBXResourcesBuildPhase section */
		074AF0F223FD7F0B00EDF0E9 /* Resources */ = {
			isa = PBXResourcesBuildPhase;
			buildActionMask = 2147483647;
			files = (
				074AF10223FD7F0B00EDF0E9 /* LaunchScreen.storyboard in Resources */,
				074AF0FF23FD7F0B00EDF0E9 /* Assets.xcassets in Resources */,
				074AF0FD23FD7F0B00EDF0E9 /* Main.storyboard in Resources */,
			);
			runOnlyForDeploymentPostprocessing = 0;
		};
/* End PBXResourcesBuildPhase section */

/* Begin PBXSourcesBuildPhase section */
		074AF0F023FD7F0B00EDF0E9 /* Sources */ = {
			isa = PBXSourcesBuildPhase;
			buildActionMask = 2147483647;
			files = (
				074AF0FA23FD7F0B00EDF0E9 /* ViewController.swift in Sources */,
				074AF0F823FD7F0B00EDF0E9 /* AppDelegate.swift in Sources */,
				A073F99924004D61007695FB /* CollectionViewCell.swift in Sources */,
			);
			runOnlyForDeploymentPostprocessing = 0;
		};
/* End PBXSourcesBuildPhase section */

/* Begin PBXVariantGroup section */
		074AF0FB23FD7F0B00EDF0E9 /* Main.storyboard */ = {
			isa = PBXVariantGroup;
			children = (
				074AF0FC23FD7F0B00EDF0E9 /* Base */,
			);
			name = Main.storyboard;
			sourceTree = "<group>";
		};
		074AF10023FD7F0B00EDF0E9 /* LaunchScreen.storyboard */ = {
			isa = PBXVariantGroup;
			children = (
				074AF10123FD7F0B00EDF0E9 /* Base */,
			);
			name = LaunchScreen.storyboard;
			sourceTree = "<group>";
		};
/* End PBXVariantGroup section */

/* Begin XCBuildConfiguration section */
		074AF10423FD7F0B00EDF0E9 /* Debug */ = {
			isa = XCBuildConfiguration;
			buildSettings = {
				ALWAYS_SEARCH_USER_PATHS = NO;
				CLANG_ANALYZER_LOCALIZABILITY_NONLOCALIZED = YES;
				CLANG_ANALYZER_NONNULL = YES;
				CLANG_ANALYZER_NUMBER_OBJECT_CONVERSION = YES_AGGRESSIVE;
				CLANG_CXX_LANGUAGE_STANDARD = "gnu++0x";
				CLANG_CXX_LIBRARY = "libc++";
				CLANG_ENABLE_MODULES = YES;
				CLANG_ENABLE_OBJC_ARC = YES;
				CLANG_WARN_BLOCK_CAPTURE_AUTORELEASING = YES;
				CLANG_WARN_BOOL_CONVERSION = YES;
				CLANG_WARN_COMMA = YES;
				CLANG_WARN_CONSTANT_CONVERSION = YES;
				CLANG_WARN_DEPRECATED_OBJC_IMPLEMENTATIONS = YES;
				CLANG_WARN_DIRECT_OBJC_ISA_USAGE = YES_ERROR;
				CLANG_WARN_DOCUMENTATION_COMMENTS = YES;
				CLANG_WARN_EMPTY_BODY = YES;
				CLANG_WARN_ENUM_CONVERSION = YES;
				CLANG_WARN_INFINITE_RECURSION = YES;
				CLANG_WARN_INT_CONVERSION = YES;
				CLANG_WARN_NON_LITERAL_NULL_CONVERSION = YES;
				CLANG_WARN_OBJC_IMPLICIT_RETAIN_SELF = YES;
				CLANG_WARN_OBJC_LITERAL_CONVERSION = YES;
				CLANG_WARN_OBJC_ROOT_CLASS = YES_ERROR;
				CLANG_WARN_RANGE_LOOP_ANALYSIS = YES;
				CLANG_WARN_STRICT_PROTOTYPES = YES;
				CLANG_WARN_SUSPICIOUS_MOVE = YES;
				CLANG_WARN_UNREACHABLE_CODE = YES;
				CLANG_WARN__DUPLICATE_METHOD_MATCH = YES;
				"CODE_SIGN_IDENTITY[sdk=iphoneos*]" = "iPhone Developer";
				COPY_PHASE_STRIP = NO;
				DEBUG_INFORMATION_FORMAT = dwarf;
				ENABLE_STRICT_OBJC_MSGSEND = YES;
				ENABLE_TESTABILITY = YES;
				GCC_C_LANGUAGE_STANDARD = gnu99;
				GCC_DYNAMIC_NO_PIC = NO;
				GCC_NO_COMMON_BLOCKS = YES;
				GCC_OPTIMIZATION_LEVEL = 0;
				GCC_PREPROCESSOR_DEFINITIONS = (
					"DEBUG=1",
					"$(inherited)",
				);
				GCC_WARN_64_TO_32_BIT_CONVERSION = YES;
				GCC_WARN_ABOUT_RETURN_TYPE = YES_ERROR;
				GCC_WARN_UNDECLARED_SELECTOR = YES;
				GCC_WARN_UNINITIALIZED_AUTOS = YES_AGGRESSIVE;
				GCC_WARN_UNUSED_FUNCTION = YES;
				GCC_WARN_UNUSED_VARIABLE = YES;
				IPHONEOS_DEPLOYMENT_TARGET = 10.3;
				MTL_ENABLE_DEBUG_INFO = YES;
				ONLY_ACTIVE_ARCH = YES;
				SDKROOT = iphoneos;
				SWIFT_ACTIVE_COMPILATION_CONDITIONS = DEBUG;
				SWIFT_OPTIMIZATION_LEVEL = "-Onone";
				TARGETED_DEVICE_FAMILY = "1,2";
			};
			name = Debug;
		};
		074AF10523FD7F0B00EDF0E9 /* Release */ = {
			isa = XCBuildConfiguration;
			buildSettings = {
				ALWAYS_SEARCH_USER_PATHS = NO;
				CLANG_ANALYZER_LOCALIZABILITY_NONLOCALIZED = YES;
				CLANG_ANALYZER_NONNULL = YES;
				CLANG_ANALYZER_NUMBER_OBJECT_CONVERSION = YES_AGGRESSIVE;
				CLANG_CXX_LANGUAGE_STANDARD = "gnu++0x";
				CLANG_CXX_LIBRARY = "libc++";
				CLANG_ENABLE_MODULES = YES;
				CLANG_ENABLE_OBJC_ARC = YES;
				CLANG_WARN_BLOCK_CAPTURE_AUTORELEASING = YES;
				CLANG_WARN_BOOL_CONVERSION = YES;
				CLANG_WARN_COMMA = YES;
				CLANG_WARN_CONSTANT_CONVERSION = YES;
				CLANG_WARN_DEPRECATED_OBJC_IMPLEMENTATIONS = YES;
				CLANG_WARN_DIRECT_OBJC_ISA_USAGE = YES_ERROR;
				CLANG_WARN_DOCUMENTATION_COMMENTS = YES;
				CLANG_WARN_EMPTY_BODY = YES;
				CLANG_WARN_ENUM_CONVERSION = YES;
				CLANG_WARN_INFINITE_RECURSION = YES;
				CLANG_WARN_INT_CONVERSION = YES;
				CLANG_WARN_NON_LITERAL_NULL_CONVERSION = YES;
				CLANG_WARN_OBJC_IMPLICIT_RETAIN_SELF = YES;
				CLANG_WARN_OBJC_LITERAL_CONVERSION = YES;
				CLANG_WARN_OBJC_ROOT_CLASS = YES_ERROR;
				CLANG_WARN_RANGE_LOOP_ANALYSIS = YES;
				CLANG_WARN_STRICT_PROTOTYPES = YES;
				CLANG_WARN_SUSPICIOUS_MOVE = YES;
				CLANG_WARN_UNREACHABLE_CODE = YES;
				CLANG_WARN__DUPLICATE_METHOD_MATCH = YES;
				"CODE_SIGN_IDENTITY[sdk=iphoneos*]" = "iPhone Developer";
				COPY_PHASE_STRIP = NO;
				DEBUG_INFORMATION_FORMAT = "dwarf-with-dsym";
				ENABLE_NS_ASSERTIONS = NO;
				ENABLE_STRICT_OBJC_MSGSEND = YES;
				GCC_C_LANGUAGE_STANDARD = gnu99;
				GCC_NO_COMMON_BLOCKS = YES;
				GCC_WARN_64_TO_32_BIT_CONVERSION = YES;
				GCC_WARN_ABOUT_RETURN_TYPE = YES_ERROR;
				GCC_WARN_UNDECLARED_SELECTOR = YES;
				GCC_WARN_UNINITIALIZED_AUTOS = YES_AGGRESSIVE;
				GCC_WARN_UNUSED_FUNCTION = YES;
				GCC_WARN_UNUSED_VARIABLE = YES;
				IPHONEOS_DEPLOYMENT_TARGET = 10.3;
				MTL_ENABLE_DEBUG_INFO = NO;
				SDKROOT = iphoneos;
				SWIFT_OPTIMIZATION_LEVEL = "-Owholemodule";
				TARGETED_DEVICE_FAMILY = "1,2";
				VALIDATE_PRODUCT = YES;
			};
			name = Release;
		};
		074AF10723FD7F0B00EDF0E9 /* Debug */ = {
			isa = XCBuildConfiguration;
			buildSettings = {
				ASSETCATALOG_COMPILER_APPICON_NAME = AppIcon;
				INFOPLIST_FILE = FastBuyIOS/Info.plist;
				IPHONEOS_DEPLOYMENT_TARGET = 13.2;
				LD_RUNPATH_SEARCH_PATHS = "$(inherited) @executable_path/Frameworks";
				PRODUCT_BUNDLE_IDENTIFIER = corpfastbuy.FastBuyIOS;
				PRODUCT_NAME = "$(TARGET_NAME)";
				SWIFT_VERSION = 5.0;
			};
			name = Debug;
		};
		074AF10823FD7F0B00EDF0E9 /* Release */ = {
			isa = XCBuildConfiguration;
			buildSettings = {
				ASSETCATALOG_COMPILER_APPICON_NAME = AppIcon;
				INFOPLIST_FILE = FastBuyIOS/Info.plist;
				IPHONEOS_DEPLOYMENT_TARGET = 13.2;
				LD_RUNPATH_SEARCH_PATHS = "$(inherited) @executable_path/Frameworks";
				PRODUCT_BUNDLE_IDENTIFIER = corpfastbuy.FastBuyIOS;
				PRODUCT_NAME = "$(TARGET_NAME)";
				SWIFT_VERSION = 5.0;
			};
			name = Release;
		};
/* End XCBuildConfiguration section */

/* Begin XCConfigurationList section */
		074AF0EF23FD7F0B00EDF0E9 /* Build configuration list for PBXProject "FastBuyIOS" */ = {
			isa = XCConfigurationList;
			buildConfigurations = (
				074AF10423FD7F0B00EDF0E9 /* Debug */,
				074AF10523FD7F0B00EDF0E9 /* Release */,
			);
			defaultConfigurationIsVisible = 0;
			defaultConfigurationName = Release;
		};
		074AF10623FD7F0B00EDF0E9 /* Build configuration list for PBXNativeTarget "FastBuyIOS" */ = {
			isa = XCConfigurationList;
			buildConfigurations = (
				074AF10723FD7F0B00EDF0E9 /* Debug */,
				074AF10823FD7F0B00EDF0E9 /* Release */,
			);
			defaultConfigurationIsVisible = 0;
			defaultConfigurationName = Release;
		};
/* End XCConfigurationList section */
	};
	rootObject = 074AF0EC23FD7F0B00EDF0E9 /* Project object */;
}
